
Microsoft Visual Studio Solution File, Format Version 12.00
# Visual Studio 15
VisualStudioVersion = 15.0.28307.168
MinimumVisualStudioVersion = 10.0.40219.1
Project("{FAE04EC0-301F-11D3-BF4B-00C04F79EFBC}") = "ExampleWebServer", "ExampleWebServer.csproj", "{4FA92C7C-3902-46D3-B749-00C95FAC98BD}"
	ProjectSection(ProjectDependencies) = postProject
		{A3F2D999-31F1-4079-82C0-3C7BCFF46571} = {A3F2D999-31F1-4079-82C0-3C7BCFF46571}
	EndProjectSection
EndProject
Project("{FAE04EC0-301F-11D3-BF4B-00C04F79EFBC}") = "WebApplication", "WebApplication\WebApplication.csproj", "{ADE962FE-896D-4491-B168-600ED8928546}"
EndProject
Project("{FAE04EC0-301F-11D3-BF4B-00C04F79EFBC}") = "LogHandler", "..\CustomLogHandler\LogHandler.csproj", "{A3F2D999-31F1-4079-82C0-3C7BCFF46571}"
EndProject
Global
	GlobalSection(SolutionConfigurationPlatforms) = preSolution
		Debug|Any CPU = Debug|Any CPU
		Release|Any CPU = Release|Any CPU
	EndGlobalSection
	GlobalSection(ProjectConfigurationPlatforms) = postSolution
		{4FA92C7C-3902-46D3-B749-00C95FAC98BD}.Debug|Any CPU.ActiveCfg = Debug|Any CPU
		{4FA92C7C-3902-46D3-B749-00C95FAC98BD}.Debug|Any CPU.Build.0 = Debug|Any CPU
		{4FA92C7C-3902-46D3-B749-00C95FAC98BD}.Release|Any CPU.ActiveCfg = Release|Any CPU
		{4FA92C7C-3902-46D3-B749-00C95FAC98BD}.Release|Any CPU.Build.0 = Release|Any CPU
		{ADE962FE-896D-4491-B168-600ED8928546}.Debug|Any CPU.ActiveCfg = Debug|Any CPU
		{ADE962FE-896D-4491-B168-600ED8928546}.Debug|Any CPU.Build.0 = Debug|Any CPU
		{ADE962FE-896D-4491-B168-600ED8928546}.Release|Any CPU.ActiveCfg = Release|Any CPU
		{ADE962FE-896D-4491-B168-600ED8928546}.Release|Any CPU.Build.0 = Release|Any CPU
		{A3F2D999-31F1-4079-82C0-3C7BCFF46571}.Debug|Any CPU.ActiveCfg = Debug|Any CPU
		{A3F2D999-31F1-4079-82C0-3C7BCFF46571}.Debug|Any CPU.Build.0 = Debug|Any CPU
		{A3F2D999-31F1-4079-82C0-3C7BCFF46571}.Release|Any CPU.ActiveCfg = Release|Any CPU
		{A3F2D999-31F1-4079-82C0-3C7BCFF46571}.Release|Any CPU.Build.0 = Release|Any CPU
	EndGlobalSection
	GlobalSection(SolutionProperties) = preSolution
		HideSolutionNode = FALSE
	EndGlobalSection
	GlobalSection(ExtensibilityGlobals) = postSolution
		SolutionGuid = {A9A280FB-2CAC-4E9A-9366-0BD42BA0AB6C}
	EndGlobalSection
EndGlobal
